
Microsoft Visual Studio Solution File, Format Version 12.00
Project("{FAE04EC0-301F-11D3-BF4B-00C04F79EFBC}") = "BulkyBookWeb", "BulkyBookWeb\BulkyBookWeb.csproj", "{BA250EF0-84F2-406F-99F3-0871192881E3}"
EndProject
Global
	GlobalSection(SolutionConfigurationPlatforms) = preSolution
		Debug|Any CPU = Debug|Any CPU
		Release|Any CPU = Release|Any CPU
	EndGlobalSection
	GlobalSection(ProjectConfigurationPlatforms) = postSolution
		{BA250EF0-84F2-406F-99F3-0871192881E3}.Debug|Any CPU.ActiveCfg = Debug|Any CPU
		{BA250EF0-84F2-406F-99F3-0871192881E3}.Debug|Any CPU.Build.0 = Debug|Any CPU
		{BA250EF0-84F2-406F-99F3-0871192881E3}.Release|Any CPU.ActiveCfg = Release|Any CPU
		{BA250EF0-84F2-406F-99F3-0871192881E3}.Release|Any CPU.Build.0 = Release|Any CPU
	EndGlobalSection
EndGlobal
